{
 "amihud_20:v1": "e8903624032424cf",
 "atr_14:v1": "e4f2897a9b365968",
 "atr_14_pct:v1": "e9062594aeb6a8de",
 "clv_volume_pressure_proxy_20:v1": "9857fb0e71db81a7",
 "cvd:v1": "ede729e816bc3618",
 "dist_ema_200_pct:v1": "0a7ea74f2de32917",
 "dist_ema_50_pct:v1": "9e97cbc7576f4c8c",
 "dist_high_20_pct:v1": "265eec26c9214d1c",
 "dist_low_20_pct:v1": "f497e4511fd81f3b",
 "ema_200:v1": "1209421fc1d39bbe",
 "ema_200_slope_10:v1": "4eca3233d720fb0f",
 "ema_20:v1": "4e9a8c826b468e12",
 "ema_50:v1": "1122d01260a61dc1",
 "ema_50_200_spread:v1": "038f8551b9c787b0",
 "ema_50_slope_10:v1": "c9b27fc69470506a",
 "hl_range:v1": "113920469357fb8c",
 "hl_range_pct:v1": "5f4e36543e36cb3c",
 "log_ret:v1": "98925f97704dd2ab",
 "range_position_20:v1": "3805b5559ed34d47",
 "realized_vol_20:v1": "88d16e23e951e2b7",
 "rel_volume_20:v1": "a722a82898463b3b",
 "ret_20:v1": "3e8f4a37aebef9d4",
 "ret_cc:v1": "001359d55046c5c1",
 "ret_oc:v1": "ba29c80ff7c2de39",
 "ret_std_20:v1": "543d68858f9f7307",
 "rolling_high_20:v1": "7c46b2bbab152eaf",
 "rolling_low_20:v1": "c79ad43073605e05",
 "sma_20:v1": "0df8f454a15a2fc6",
 "sma_50:v1": "370164e65758b08d",
 "true_range:v1": "00d9cbbdb0abbf00",
 "turnover:v1": "93d1b898b97a471c",
 "turnover_sma_20:v1": "265b7626fb768552",
 "vol_20_annualized:v1": "528d41bd070d45dc",
 "vol_ratio_20_100:v1": "783ec48d03b9cc5b",
 "volume:v1": "011dd6aa14549c33",
 "volume_concentration_20:v1": "bd4197d7f99f1c6b",
 "volume_sum_20:v1": "d45d1939f3ba0f60",
 "vt_anomaly_count_20:v1": "b02b0fdb8abf37cb"
}
